{
  "nodes": {
    "flake-utils": {
      "locked": {
        "lastModified": 1644229661,
        "narHash": "sha256-1YdnJAsNy69bpcjuoKdOYQX0YxZBiCYZo4Twxerqv7k=",
        "owner": "numtide",
        "repo": "flake-utils",
        "rev": "3cecb5b042f7f209c56ffd8371b2711a290ec797",
        "type": "github"
      },
      "original": {
        "owner": "numtide",
        "repo": "flake-utils",
        "type": "github"
      }
    },
    "flake-utils_2": {
      "locked": {
        "lastModified": 1644229661,
        "narHash": "sha256-1YdnJAsNy69bpcjuoKdOYQX0YxZBiCYZo4Twxerqv7k=",
        "owner": "numtide",
        "repo": "flake-utils",
        "rev": "3cecb5b042f7f209c56ffd8371b2711a290ec797",
        "type": "github"
      },
      "original": {
        "owner": "numtide",
        "repo": "flake-utils",
        "type": "github"
      }
    },
    "home-manager": {
      "inputs": {
        "nixpkgs": [
          "nixpkgs"
        ]
      },
      "locked": {
        "lastModified": 1646559628,
        "narHash": "sha256-WDoqxH/IPTV8CkI15wwzvXYgXq9UPr8xd8WKziuaynw=",
        "owner": "nix-community",
        "repo": "home-manager",
        "rev": "afe96e7433c513bf82375d41473c57d1f66b4e68",
        "type": "github"
      },
      "original": {
        "owner": "nix-community",
        "repo": "home-manager",
        "type": "github"
      }
    },
    "mayniklas": {
      "inputs": {
        "flake-utils": "flake-utils_2",
        "home-manager": [
          "home-manager"
        ],
        "nixpkgs": [
          "nixpkgs"
        ],
        "nixpkgs-unstable": [
          "nixpkgs"
        ]
      },
      "locked": {
        "lastModified": 1646487496,
        "narHash": "sha256-GB0867s3pdCZG13yNI10HjbdncP+P6raLjWDGtFaStA=",
        "owner": "mayniklas",
        "repo": "nixos",
        "rev": "78ba29009e6addfb8917671e1343a5656f5a15bf",
        "type": "github"
      },
      "original": {
        "owner": "mayniklas",
        "repo": "nixos",
        "type": "github"
      }
    },
    "nixpkgs": {
      "locked": {
        "lastModified": 1646456064,
        "narHash": "sha256-bt4c5frg/NzIA+rDiYwpDoVB9zxSqE0FqjE4xetI99w=",
        "owner": "nixos",
        "repo": "nixpkgs",
        "rev": "3c745c05fb1d0979af3c6db7dc8c12d35c7e41e0",
        "type": "github"
      },
      "original": {
        "owner": "nixos",
        "ref": "nixos-unstable-small",
        "repo": "nixpkgs",
        "type": "github"
      }
    },
    "nixpkgs-master": {
      "locked": {
        "lastModified": 1646568416,
        "narHash": "sha256-zyxwZAxQvSvhLWkCdZpab9Ej8CST3BUurbsFjuMoUBM=",
        "owner": "nixos",
        "repo": "nixpkgs",
        "rev": "7429dcdcb688c695bc670bd49fa0ad1fdb67d8c3",
        "type": "github"
      },
      "original": {
        "owner": "nixos",
        "ref": "master",
        "repo": "nixpkgs",
        "type": "github"
      }
    },
    "nixpkgs-stable": {
      "locked": {
        "lastModified": 1646406548,
        "narHash": "sha256-xp+3f76ycZXNf9pG65Ef9KfDl1fas2UQu/cBe/pLd+c=",
        "owner": "nixos",
        "repo": "nixpkgs",
        "rev": "47cd6702934434dd02bc53a67dbce3e5493e33a2",
        "type": "github"
      },
      "original": {
        "owner": "nixos",
        "ref": "nixos-21.11",
        "repo": "nixpkgs",
        "type": "github"
      }
    },
    "root": {
      "inputs": {
        "flake-utils": "flake-utils",
        "home-manager": "home-manager",
        "mayniklas": "mayniklas",
        "nixpkgs": "nixpkgs",
        "nixpkgs-master": "nixpkgs-master",
        "nixpkgs-stable": "nixpkgs-stable"
      }
    }
  },
  "root": "root",
  "version": 7
}
