{
  "nodes": {
    "flake-utils": {
      "locked": {
        "lastModified": 1648297722,
        "narHash": "sha256-W+qlPsiZd8F3XkzXOzAoR+mpFqzm3ekQkJNa+PIh1BQ=",
        "owner": "numtide",
        "repo": "flake-utils",
        "rev": "0f8662f1319ad6abf89b3380dd2722369fc51ade",
        "type": "github"
      },
      "original": {
        "owner": "numtide",
        "repo": "flake-utils",
        "type": "github"
      }
    },
    "flake-utils_2": {
      "locked": {
        "lastModified": 1648297722,
        "narHash": "sha256-W+qlPsiZd8F3XkzXOzAoR+mpFqzm3ekQkJNa+PIh1BQ=",
        "owner": "numtide",
        "repo": "flake-utils",
        "rev": "0f8662f1319ad6abf89b3380dd2722369fc51ade",
        "type": "github"
      },
      "original": {
        "owner": "numtide",
        "repo": "flake-utils",
        "type": "github"
      }
    },
    "home-manager": {
      "inputs": {
        "nixpkgs": [
          "nixpkgs"
        ]
      },
      "locked": {
        "lastModified": 1648917498,
        "narHash": "sha256-fdyVHsP6XeyCk9FRyjV6Wv+7qiOzWxykGXdNixadvyg=",
        "owner": "nix-community",
        "repo": "home-manager",
        "rev": "cfab869fcebc56710be6ec3aca76036b25c04a0d",
        "type": "github"
      },
      "original": {
        "owner": "nix-community",
        "repo": "home-manager",
        "type": "github"
      }
    },
    "mayniklas": {
      "inputs": {
        "flake-utils": "flake-utils_2",
        "home-manager": [
          "home-manager"
        ],
        "nixpkgs": [
          "nixpkgs"
        ],
        "nixpkgs-unstable": [
          "nixpkgs"
        ]
      },
      "locked": {
        "lastModified": 1649076040,
        "narHash": "sha256-czrcKy0M8/vg1V4zqJ/i48WN1EEMC7lp6xZX2+Q3aVo=",
        "owner": "mayniklas",
        "repo": "nixos",
        "rev": "5898ab0908d281e23f131db286f7df04735b6a00",
        "type": "github"
      },
      "original": {
        "owner": "mayniklas",
        "repo": "nixos",
        "type": "github"
      }
    },
    "nixpkgs": {
      "locked": {
        "lastModified": 1649058080,
        "narHash": "sha256-Uydcy+qZDD3fbbeqh8zQwZ10F7QtizkwcGtrmnjEZZE=",
        "owner": "nixos",
        "repo": "nixpkgs",
        "rev": "dcd796487a1632b74e8a62ec4aed39f0c15a72ae",
        "type": "github"
      },
      "original": {
        "owner": "nixos",
        "ref": "nixos-unstable-small",
        "repo": "nixpkgs",
        "type": "github"
      }
    },
    "nixpkgs-master": {
      "locked": {
        "lastModified": 1649078122,
        "narHash": "sha256-UppBZkd7DGb++NUbq9a14QqOLhOwlECZF2BJscndyu8=",
        "owner": "nixos",
        "repo": "nixpkgs",
        "rev": "33a73886c4eaccbe407112e26d378383ba0f0171",
        "type": "github"
      },
      "original": {
        "owner": "nixos",
        "ref": "master",
        "repo": "nixpkgs",
        "type": "github"
      }
    },
    "nixpkgs-stable": {
      "locked": {
        "lastModified": 1649024309,
        "narHash": "sha256-AWbvj/NHZXVwAnHaVOFlxg7tcNerEKrKBmgGfztSHWM=",
        "owner": "nixos",
        "repo": "nixpkgs",
        "rev": "af0a9bc0e5341855518e9c1734d7ef913e5138b9",
        "type": "github"
      },
      "original": {
        "owner": "nixos",
        "ref": "nixos-21.11",
        "repo": "nixpkgs",
        "type": "github"
      }
    },
    "root": {
      "inputs": {
        "flake-utils": "flake-utils",
        "home-manager": "home-manager",
        "mayniklas": "mayniklas",
        "nixpkgs": "nixpkgs",
        "nixpkgs-master": "nixpkgs-master",
        "nixpkgs-stable": "nixpkgs-stable"
      }
    }
  },
  "root": "root",
  "version": 7
}
