{
  "nodes": {
    "adblock-unbound": {
      "inputs": {
        "adblockStevenBlack": "adblockStevenBlack",
        "flake-utils": [
          "mayniklas",
          "flake-utils"
        ],
        "nixpkgs": [
          "mayniklas",
          "nixpkgs"
        ]
      },
      "locked": {
        "lastModified": 1655220242,
        "narHash": "sha256-rWPK2ya7PyB4n+Kbf6sfv1RUzeAl20F6Z+bH13SHNBw=",
        "owner": "MayNiklas",
        "repo": "nixos-adblock-unbound",
        "rev": "a05f34f74e315d539fe40882f65978ad5279aebd",
        "type": "github"
      },
      "original": {
        "owner": "MayNiklas",
        "repo": "nixos-adblock-unbound",
        "type": "github"
      }
    },
    "adblockStevenBlack": {
      "flake": false,
      "locked": {
        "lastModified": 1654831104,
        "narHash": "sha256-qybp7aELcGKZjcPBR3ouXEoUgMKlfcxGecvCalMvT2w=",
        "owner": "StevenBlack",
        "repo": "hosts",
        "rev": "11b8c3d9ac5b154ff4a5f5ff203b822e9fc27d11",
        "type": "github"
      },
      "original": {
        "owner": "StevenBlack",
        "repo": "hosts",
        "type": "github"
      }
    },
    "flake-compat": {
      "flake": false,
      "locked": {
        "lastModified": 1650374568,
        "narHash": "sha256-Z+s0J8/r907g149rllvwhb4pKi8Wam5ij0st8PwAh+E=",
        "owner": "edolstra",
        "repo": "flake-compat",
        "rev": "b4a34015c698c7793d592d66adbab377907a2be8",
        "type": "github"
      },
      "original": {
        "owner": "edolstra",
        "repo": "flake-compat",
        "type": "github"
      }
    },
    "flake-utils": {
      "locked": {
        "lastModified": 1653893745,
        "narHash": "sha256-0jntwV3Z8//YwuOjzhV2sgJJPt+HY6KhU7VZUL0fKZQ=",
        "owner": "numtide",
        "repo": "flake-utils",
        "rev": "1ed9fb1935d260de5fe1c2f7ee0ebaae17ed2fa1",
        "type": "github"
      },
      "original": {
        "owner": "numtide",
        "repo": "flake-utils",
        "type": "github"
      }
    },
    "flake-utils_2": {
      "locked": {
        "lastModified": 1653893745,
        "narHash": "sha256-0jntwV3Z8//YwuOjzhV2sgJJPt+HY6KhU7VZUL0fKZQ=",
        "owner": "numtide",
        "repo": "flake-utils",
        "rev": "1ed9fb1935d260de5fe1c2f7ee0ebaae17ed2fa1",
        "type": "github"
      },
      "original": {
        "owner": "numtide",
        "repo": "flake-utils",
        "type": "github"
      }
    },
    "home-manager": {
      "inputs": {
        "flake-compat": "flake-compat",
        "nixpkgs": [
          "nixpkgs"
        ],
        "nmd": "nmd",
        "nmt": "nmt",
        "utils": "utils"
      },
      "locked": {
        "lastModified": 1655329498,
        "narHash": "sha256-9XnQTDr2/byzwrV7h0rFDVW+GYKi/Q8+AgHdqe4PyhA=",
        "owner": "nix-community",
        "repo": "home-manager",
        "rev": "504d6de6a061993c3f585f9a86c6a9f68927b1c0",
        "type": "github"
      },
      "original": {
        "owner": "nix-community",
        "repo": "home-manager",
        "type": "github"
      }
    },
    "mayniklas": {
      "inputs": {
        "adblock-unbound": "adblock-unbound",
        "flake-utils": "flake-utils_2",
        "home-manager": [
          "home-manager"
        ],
        "nixos-hardware": "nixos-hardware",
        "nixpkgs": [
          "nixpkgs"
        ],
        "shelly-exporter": "shelly-exporter"
      },
      "locked": {
        "lastModified": 1655371385,
        "narHash": "sha256-x+cLlBeu+HuOq336YIjk/SNhqbDPH2EA56PVIzGezyw=",
        "owner": "mayniklas",
        "repo": "nixos",
        "rev": "cf8fd2e00df4c73d4a0429ad1271caf5e950bb0b",
        "type": "github"
      },
      "original": {
        "owner": "mayniklas",
        "repo": "nixos",
        "type": "github"
      }
    },
    "nixos-hardware": {
      "locked": {
        "lastModified": 1654057797,
        "narHash": "sha256-mXo7C4v7Jj2feBzcReu1Eu/3Rnw5b023E9kOyFsHZQw=",
        "owner": "NixOS",
        "repo": "nixos-hardware",
        "rev": "0cab18a48de7914ef8cad35dca0bb36868f3e1af",
        "type": "github"
      },
      "original": {
        "owner": "NixOS",
        "repo": "nixos-hardware",
        "type": "github"
      }
    },
    "nixpkgs": {
      "locked": {
        "lastModified": 1655278232,
        "narHash": "sha256-H6s7tnHYiDKFCcLADS4sl1sUq0dDJuRQXCieguk/6SA=",
        "owner": "nixos",
        "repo": "nixpkgs",
        "rev": "8b538fcb329a7bc3d153962f17c509ee49166973",
        "type": "github"
      },
      "original": {
        "owner": "nixos",
        "ref": "nixos-22.05",
        "repo": "nixpkgs",
        "type": "github"
      }
    },
    "nixpkgs-master": {
      "locked": {
        "lastModified": 1655379574,
        "narHash": "sha256-s6H/KcgOYv9QhJ/tNbB9c7a1jU4KV72IiTJP3F86r/k=",
        "owner": "nixos",
        "repo": "nixpkgs",
        "rev": "47e5bede0936d2eba746b9a79eead49d97ebcc2b",
        "type": "github"
      },
      "original": {
        "owner": "nixos",
        "ref": "master",
        "repo": "nixpkgs",
        "type": "github"
      }
    },
    "nixpkgs-stable": {
      "locked": {
        "lastModified": 1655200165,
        "narHash": "sha256-6/RbS7g1iIsp5Naywv53SGtCPVW4flUOGDy2nm45D3E=",
        "owner": "nixos",
        "repo": "nixpkgs",
        "rev": "9227bbe43157225414e990b87587ccb1665225d9",
        "type": "github"
      },
      "original": {
        "owner": "nixos",
        "ref": "nixos-21.11",
        "repo": "nixpkgs",
        "type": "github"
      }
    },
    "nmd": {
      "flake": false,
      "locked": {
        "lastModified": 1653339422,
        "narHash": "sha256-8nc7lcYOgih3YEmRMlBwZaLLJYpLPYKBlewqHqx8ieg=",
        "owner": "rycee",
        "repo": "nmd",
        "rev": "9e7a20e6ee3f6751f699f79c0b299390f81f7bcd",
        "type": "gitlab"
      },
      "original": {
        "owner": "rycee",
        "repo": "nmd",
        "type": "gitlab"
      }
    },
    "nmt": {
      "flake": false,
      "locked": {
        "lastModified": 1648075362,
        "narHash": "sha256-u36WgzoA84dMVsGXzml4wZ5ckGgfnvS0ryzo/3zn/Pc=",
        "owner": "rycee",
        "repo": "nmt",
        "rev": "d83601002c99b78c89ea80e5e6ba21addcfe12ae",
        "type": "gitlab"
      },
      "original": {
        "owner": "rycee",
        "repo": "nmt",
        "type": "gitlab"
      }
    },
    "root": {
      "inputs": {
        "flake-utils": "flake-utils",
        "home-manager": "home-manager",
        "mayniklas": "mayniklas",
        "nixpkgs": "nixpkgs",
        "nixpkgs-master": "nixpkgs-master",
        "nixpkgs-stable": "nixpkgs-stable"
      }
    },
    "shelly-exporter": {
      "inputs": {
        "flake-utils": [
          "mayniklas",
          "flake-utils"
        ],
        "nixpkgs": [
          "mayniklas",
          "nixpkgs"
        ]
      },
      "locked": {
        "lastModified": 1654867274,
        "narHash": "sha256-dsrOvEtZY+OaKKNKF9ERnTK0ekFi9LtSY8eGa/ypbOk=",
        "owner": "MayNiklas",
        "repo": "shelly-exporter",
        "rev": "b4c00fb945de560ecb947c847d064fe392145e6a",
        "type": "github"
      },
      "original": {
        "owner": "MayNiklas",
        "repo": "shelly-exporter",
        "type": "github"
      }
    },
    "utils": {
      "locked": {
        "lastModified": 1653893745,
        "narHash": "sha256-0jntwV3Z8//YwuOjzhV2sgJJPt+HY6KhU7VZUL0fKZQ=",
        "owner": "numtide",
        "repo": "flake-utils",
        "rev": "1ed9fb1935d260de5fe1c2f7ee0ebaae17ed2fa1",
        "type": "github"
      },
      "original": {
        "owner": "numtide",
        "repo": "flake-utils",
        "type": "github"
      }
    }
  },
  "root": "root",
  "version": 7
}
